
Microsoft Visual Studio Solution File, Format Version 12.00
Project("{2150E333-8FDC-42A3-9474-1A3956D46DE8}") = "StructuredLogging", "StructuredLogging", "{751B3C9D-4B98-46EF-8F55-6ADD91FE2586}"
	ProjectSection(SolutionItems) = preProject
		StructuredLogging\Readme.md = StructuredLogging\Readme.md
		StructuredLogging\docker-compose.yml = StructuredLogging\docker-compose.yml
		.dockerignore = .dockerignore
	EndProjectSection
EndProject
Project("{FAE04EC0-301F-11D3-BF4B-00C04F79EFBC}") = "SL.Api", "StructuredLogging\SL.Api\SL.Api.csproj", "{9FE285C5-0ED5-4353-AF60-B7C93B8B813E}"
EndProject
Global
	GlobalSection(SolutionConfigurationPlatforms) = preSolution
		Debug|Any CPU = Debug|Any CPU
		Release|Any CPU = Release|Any CPU
	EndGlobalSection
	GlobalSection(NestedProjects) = preSolution
		{9FE285C5-0ED5-4353-AF60-B7C93B8B813E} = {751B3C9D-4B98-46EF-8F55-6ADD91FE2586}
	EndGlobalSection
	GlobalSection(ProjectConfigurationPlatforms) = postSolution
		{9FE285C5-0ED5-4353-AF60-B7C93B8B813E}.Debug|Any CPU.ActiveCfg = Debug|Any CPU
		{9FE285C5-0ED5-4353-AF60-B7C93B8B813E}.Debug|Any CPU.Build.0 = Debug|Any CPU
		{9FE285C5-0ED5-4353-AF60-B7C93B8B813E}.Release|Any CPU.ActiveCfg = Release|Any CPU
		{9FE285C5-0ED5-4353-AF60-B7C93B8B813E}.Release|Any CPU.Build.0 = Release|Any CPU
	EndGlobalSection
EndGlobal
